
Microsoft Visual Studio Solution File, Format Version 12.00
# Visual Studio Version 16
VisualStudioVersion = 16.0.32630.194
MinimumVisualStudioVersion = 10.0.40219.1
Project("{FAE04EC0-301F-11D3-BF4B-00C04F79EFBC}") = "tarea 20-9", "tarea 20-9\tarea 20-9.csproj", "{B612688D-0D06-4C49-A7A4-9ABEEFC11313}"
EndProject
Global
	GlobalSection(SolutionConfigurationPlatforms) = preSolution
		Debug|Any CPU = Debug|Any CPU
		Release|Any CPU = Release|Any CPU
	EndGlobalSection
	GlobalSection(ProjectConfigurationPlatforms) = postSolution
		{B612688D-0D06-4C49-A7A4-9ABEEFC11313}.Debug|Any CPU.ActiveCfg = Debug|Any CPU
		{B612688D-0D06-4C49-A7A4-9ABEEFC11313}.Debug|Any CPU.Build.0 = Debug|Any CPU
		{B612688D-0D06-4C49-A7A4-9ABEEFC11313}.Release|Any CPU.ActiveCfg = Release|Any CPU
		{B612688D-0D06-4C49-A7A4-9ABEEFC11313}.Release|Any CPU.Build.0 = Release|Any CPU
	EndGlobalSection
	GlobalSection(SolutionProperties) = preSolution
		HideSolutionNode = FALSE
	EndGlobalSection
	GlobalSection(ExtensibilityGlobals) = postSolution
		SolutionGuid = {4ADE46C8-633F-44E6-89FF-CFA31C57356A}
	EndGlobalSection
EndGlobal
